
Microsoft Visual Studio Solution File, Format Version 12.00
# Visual Studio Version 16
VisualStudioVersion = 16.0.30413.136
MinimumVisualStudioVersion = 10.0.40219.1
Project("{FAE04EC0-301F-11D3-BF4B-00C04F79EFBC}") = "TestPayForm", "TestPayForm\TestPayForm.csproj", "{FA335E19-5820-4787-A19B-C5ECB14642D9}"
EndProject
Global
	GlobalSection(SolutionConfigurationPlatforms) = preSolution
		Debug|Any CPU = Debug|Any CPU
		Release|Any CPU = Release|Any CPU
	EndGlobalSection
	GlobalSection(ProjectConfigurationPlatforms) = postSolution
		{FA335E19-5820-4787-A19B-C5ECB14642D9}.Debug|Any CPU.ActiveCfg = Debug|Any CPU
		{FA335E19-5820-4787-A19B-C5ECB14642D9}.Debug|Any CPU.Build.0 = Debug|Any CPU
		{FA335E19-5820-4787-A19B-C5ECB14642D9}.Release|Any CPU.ActiveCfg = Release|Any CPU
		{FA335E19-5820-4787-A19B-C5ECB14642D9}.Release|Any CPU.Build.0 = Release|Any CPU
	EndGlobalSection
	GlobalSection(SolutionProperties) = preSolution
		HideSolutionNode = FALSE
	EndGlobalSection
	GlobalSection(ExtensibilityGlobals) = postSolution
		SolutionGuid = {06DF438F-8140-4119-B332-A5B1DD5F047E}
	EndGlobalSection
EndGlobal
